// !$*UTF8*$!
{
	archiveVersion = 1;
	classes = {
	};
	objectVersion = 55;
	objects = {

/* Begin PBXBuildFile section */
		CDC875342952A67E0002C5A3 /* AppDelegate.swift in Sources */ = {isa = PBXBuildFile; fileRef = CDC875332952A67E0002C5A3 /* AppDelegate.swift */; };
		CDC875362952A67E0002C5A3 /* SceneDelegate.swift in Sources */ = {isa = PBXBuildFile; fileRef = CDC875352952A67E0002C5A3 /* SceneDelegate.swift */; };
		CDC875382952A67E0002C5A3 /* ViewController.swift in Sources */ = {isa = PBXBuildFile; fileRef = CDC875372952A67E0002C5A3 /* ViewController.swift */; };
		CDC8753B2952A67E0002C5A3 /* Main.storyboard in Resources */ = {isa = PBXBuildFile; fileRef = CDC875392952A67E0002C5A3 /* Main.storyboard */; };
		CDC8753D2952A6800002C5A3 /* Assets.xcassets in Resources */ = {isa = PBXBuildFile; fileRef = CDC8753C2952A6800002C5A3 /* Assets.xcassets */; };
		CDC875402952A6800002C5A3 /* LaunchScreen.storyboard in Resources */ = {isa = PBXBuildFile; fileRef = CDC8753E2952A6800002C5A3 /* LaunchScreen.storyboard */; };
		CDC8754C2952AA9C0002C5A3 /* LoginVC.swift in Sources */ = {isa = PBXBuildFile; fileRef = CDC8754A2952AA9C0002C5A3 /* LoginVC.swift */; };
		CDC8754D2952AA9C0002C5A3 /* LoginVC.xib in Resources */ = {isa = PBXBuildFile; fileRef = CDC8754B2952AA9C0002C5A3 /* LoginVC.xib */; };
		CDC875502952AAC20002C5A3 /* LoginInteractor.swift in Sources */ = {isa = PBXBuildFile; fileRef = CDC8754F2952AAC20002C5A3 /* LoginInteractor.swift */; };
		CDC875522952AAD10002C5A3 /* LoginPresenter.swift in Sources */ = {isa = PBXBuildFile; fileRef = CDC875512952AAD10002C5A3 /* LoginPresenter.swift */; };
		CDC875542952AADD0002C5A3 /* LoginEntity.swift in Sources */ = {isa = PBXBuildFile; fileRef = CDC875532952AADD0002C5A3 /* LoginEntity.swift */; };
		CDC875562952AAE80002C5A3 /* LoginRouter.swift in Sources */ = {isa = PBXBuildFile; fileRef = CDC875552952AAE80002C5A3 /* LoginRouter.swift */; };
		CDC875582952AAF20002C5A3 /* LoginProtocol.swift in Sources */ = {isa = PBXBuildFile; fileRef = CDC875572952AAF20002C5A3 /* LoginProtocol.swift */; };
/* End PBXBuildFile section */

/* Begin PBXFileReference section */
		CDC875302952A67E0002C5A3 /* IndustrialManagementApps.app */ = {isa = PBXFileReference; explicitFileType = wrapper.application; includeInIndex = 0; path = IndustrialManagementApps.app; sourceTree = BUILT_PRODUCTS_DIR; };
		CDC875332952A67E0002C5A3 /* AppDelegate.swift */ = {isa = PBXFileReference; lastKnownFileType = sourcecode.swift; path = AppDelegate.swift; sourceTree = "<group>"; };
		CDC875352952A67E0002C5A3 /* SceneDelegate.swift */ = {isa = PBXFileReference; lastKnownFileType = sourcecode.swift; path = SceneDelegate.swift; sourceTree = "<group>"; };
		CDC875372952A67E0002C5A3 /* ViewController.swift */ = {isa = PBXFileReference; lastKnownFileType = sourcecode.swift; path = ViewController.swift; sourceTree = "<group>"; };
		CDC8753A2952A67E0002C5A3 /* Base */ = {isa = PBXFileReference; lastKnownFileType = file.storyboard; name = Base; path = Base.lproj/Main.storyboard; sourceTree = "<group>"; };
		CDC8753C2952A6800002C5A3 /* Assets.xcassets */ = {isa = PBXFileReference; lastKnownFileType = folder.assetcatalog; path = Assets.xcassets; sourceTree = "<group>"; };
		CDC8753F2952A6800002C5A3 /* Base */ = {isa = PBXFileReference; lastKnownFileType = file.storyboard; name = Base; path = Base.lproj/LaunchScreen.storyboard; sourceTree = "<group>"; };
		CDC875412952A6800002C5A3 /* Info.plist */ = {isa = PBXFileReference; lastKnownFileType = text.plist.xml; path = Info.plist; sourceTree = "<group>"; };
		CDC8754A2952AA9C0002C5A3 /* LoginVC.swift */ = {isa = PBXFileReference; lastKnownFileType = sourcecode.swift; path = LoginVC.swift; sourceTree = "<group>"; };
		CDC8754B2952AA9C0002C5A3 /* LoginVC.xib */ = {isa = PBXFileReference; lastKnownFileType = file.xib; path = LoginVC.xib; sourceTree = "<group>"; };
		CDC8754F2952AAC20002C5A3 /* LoginInteractor.swift */ = {isa = PBXFileReference; lastKnownFileType = sourcecode.swift; path = LoginInteractor.swift; sourceTree = "<group>"; };
		CDC875512952AAD10002C5A3 /* LoginPresenter.swift */ = {isa = PBXFileReference; lastKnownFileType = sourcecode.swift; path = LoginPresenter.swift; sourceTree = "<group>"; };
		CDC875532952AADD0002C5A3 /* LoginEntity.swift */ = {isa = PBXFileReference; lastKnownFileType = sourcecode.swift; path = LoginEntity.swift; sourceTree = "<group>"; };
		CDC875552952AAE80002C5A3 /* LoginRouter.swift */ = {isa = PBXFileReference; lastKnownFileType = sourcecode.swift; path = LoginRouter.swift; sourceTree = "<group>"; };
		CDC875572952AAF20002C5A3 /* LoginProtocol.swift */ = {isa = PBXFileReference; lastKnownFileType = sourcecode.swift; path = LoginProtocol.swift; sourceTree = "<group>"; };
/* End PBXFileReference section */

/* Begin PBXFrameworksBuildPhase section */
		CDC8752D2952A67E0002C5A3 /* Frameworks */ = {
			isa = PBXFrameworksBuildPhase;
			buildActionMask = 2147483647;
			files = (
			);
			runOnlyForDeploymentPostprocessing = 0;
		};
/* End PBXFrameworksBuildPhase section */

/* Begin PBXGroup section */
		CDC875272952A67E0002C5A3 = {
			isa = PBXGroup;
			children = (
				CDC875322952A67E0002C5A3 /* IndustrialManagementApps */,
				CDC875312952A67E0002C5A3 /* Products */,
			);
			sourceTree = "<group>";
		};
		CDC875312952A67E0002C5A3 /* Products */ = {
			isa = PBXGroup;
			children = (
				CDC875302952A67E0002C5A3 /* IndustrialManagementApps.app */,
			);
			name = Products;
			sourceTree = "<group>";
		};
		CDC875322952A67E0002C5A3 /* IndustrialManagementApps */ = {
			isa = PBXGroup;
			children = (
				CDC875482952AA800002C5A3 /* Modules */,
				CDC875472952AA6A0002C5A3 /* Assets */,
			);
			path = IndustrialManagementApps;
			sourceTree = "<group>";
		};
		CDC875472952AA6A0002C5A3 /* Assets */ = {
			isa = PBXGroup;
			children = (
				CDC875332952A67E0002C5A3 /* AppDelegate.swift */,
				CDC875352952A67E0002C5A3 /* SceneDelegate.swift */,
				CDC875372952A67E0002C5A3 /* ViewController.swift */,
				CDC875392952A67E0002C5A3 /* Main.storyboard */,
				CDC8753C2952A6800002C5A3 /* Assets.xcassets */,
				CDC8753E2952A6800002C5A3 /* LaunchScreen.storyboard */,
				CDC875412952A6800002C5A3 /* Info.plist */,
			);
			path = Assets;
			sourceTree = "<group>";
		};
		CDC875482952AA800002C5A3 /* Modules */ = {
			isa = PBXGroup;
			children = (
				CDC8754E2952AAA00002C5A3 /* Main Menu */,
				CDC875492952AA870002C5A3 /* Login */,
			);
			path = Modules;
			sourceTree = "<group>";
		};
		CDC875492952AA870002C5A3 /* Login */ = {
			isa = PBXGroup;
			children = (
				CDC8754A2952AA9C0002C5A3 /* LoginVC.swift */,
				CDC8754B2952AA9C0002C5A3 /* LoginVC.xib */,
				CDC8754F2952AAC20002C5A3 /* LoginInteractor.swift */,
				CDC875512952AAD10002C5A3 /* LoginPresenter.swift */,
				CDC875532952AADD0002C5A3 /* LoginEntity.swift */,
				CDC875552952AAE80002C5A3 /* LoginRouter.swift */,
				CDC875572952AAF20002C5A3 /* LoginProtocol.swift */,
			);
			path = Login;
			sourceTree = "<group>";
		};
		CDC8754E2952AAA00002C5A3 /* Main Menu */ = {
			isa = PBXGroup;
			children = (
			);
			path = "Main Menu";
			sourceTree = "<group>";
		};
/* End PBXGroup section */

/* Begin PBXNativeTarget section */
		CDC8752F2952A67E0002C5A3 /* IndustrialManagementApps */ = {
			isa = PBXNativeTarget;
			buildConfigurationList = CDC875442952A6800002C5A3 /* Build configuration list for PBXNativeTarget "IndustrialManagementApps" */;
			buildPhases = (
				CDC8752C2952A67E0002C5A3 /* Sources */,
				CDC8752D2952A67E0002C5A3 /* Frameworks */,
				CDC8752E2952A67E0002C5A3 /* Resources */,
			);
			buildRules = (
			);
			dependencies = (
			);
			name = IndustrialManagementApps;
			productName = IndustrialManagementApps;
			productReference = CDC875302952A67E0002C5A3 /* IndustrialManagementApps.app */;
			productType = "com.apple.product-type.application";
		};
/* End PBXNativeTarget section */

/* Begin PBXProject section */
		CDC875282952A67E0002C5A3 /* Project object */ = {
			isa = PBXProject;
			attributes = {
				BuildIndependentTargetsInParallel = 1;
				LastSwiftUpdateCheck = 1340;
				LastUpgradeCheck = 1340;
				TargetAttributes = {
					CDC8752F2952A67E0002C5A3 = {
						CreatedOnToolsVersion = 13.4.1;
					};
				};
			};
			buildConfigurationList = CDC8752B2952A67E0002C5A3 /* Build configuration list for PBXProject "IndustrialManagementApps" */;
			compatibilityVersion = "Xcode 13.0";
			developmentRegion = en;
			hasScannedForEncodings = 0;
			knownRegions = (
				en,
				Base,
			);
			mainGroup = CDC875272952A67E0002C5A3;
			productRefGroup = CDC875312952A67E0002C5A3 /* Products */;
			projectDirPath = "";
			projectRoot = "";
			targets = (
				CDC8752F2952A67E0002C5A3 /* IndustrialManagementApps */,
			);
		};
/* End PBXProject section */

/* Begin PBXResourcesBuildPhase section */
		CDC8752E2952A67E0002C5A3 /* Resources */ = {
			isa = PBXResourcesBuildPhase;
			buildActionMask = 2147483647;
			files = (
				CDC875402952A6800002C5A3 /* LaunchScreen.storyboard in Resources */,
				CDC8753D2952A6800002C5A3 /* Assets.xcassets in Resources */,
				CDC8754D2952AA9C0002C5A3 /* LoginVC.xib in Resources */,
				CDC8753B2952A67E0002C5A3 /* Main.storyboard in Resources */,
			);
			runOnlyForDeploymentPostprocessing = 0;
		};
/* End PBXResourcesBuildPhase section */

/* Begin PBXSourcesBuildPhase section */
		CDC8752C2952A67E0002C5A3 /* Sources */ = {
			isa = PBXSourcesBuildPhase;
			buildActionMask = 2147483647;
			files = (
				CDC875522952AAD10002C5A3 /* LoginPresenter.swift in Sources */,
				CDC875382952A67E0002C5A3 /* ViewController.swift in Sources */,
				CDC875342952A67E0002C5A3 /* AppDelegate.swift in Sources */,
				CDC875582952AAF20002C5A3 /* LoginProtocol.swift in Sources */,
				CDC8754C2952AA9C0002C5A3 /* LoginVC.swift in Sources */,
				CDC875502952AAC20002C5A3 /* LoginInteractor.swift in Sources */,
				CDC875542952AADD0002C5A3 /* LoginEntity.swift in Sources */,
				CDC875562952AAE80002C5A3 /* LoginRouter.swift in Sources */,
				CDC875362952A67E0002C5A3 /* SceneDelegate.swift in Sources */,
			);
			runOnlyForDeploymentPostprocessing = 0;
		};
/* End PBXSourcesBuildPhase section */

/* Begin PBXVariantGroup section */
		CDC875392952A67E0002C5A3 /* Main.storyboard */ = {
			isa = PBXVariantGroup;
			children = (
				CDC8753A2952A67E0002C5A3 /* Base */,
			);
			name = Main.storyboard;
			sourceTree = "<group>";
		};
		CDC8753E2952A6800002C5A3 /* LaunchScreen.storyboard */ = {
			isa = PBXVariantGroup;
			children = (
				CDC8753F2952A6800002C5A3 /* Base */,
			);
			name = LaunchScreen.storyboard;
			sourceTree = "<group>";
		};
/* End PBXVariantGroup section */

/* Begin XCBuildConfiguration section */
		CDC875422952A6800002C5A3 /* Debug */ = {
			isa = XCBuildConfiguration;
			buildSettings = {
				ALWAYS_SEARCH_USER_PATHS = NO;
				CLANG_ANALYZER_NONNULL = YES;
				CLANG_ANALYZER_NUMBER_OBJECT_CONVERSION = YES_AGGRESSIVE;
				CLANG_CXX_LANGUAGE_STANDARD = "gnu++17";
				CLANG_ENABLE_MODULES = YES;
				CLANG_ENABLE_OBJC_ARC = YES;
				CLANG_ENABLE_OBJC_WEAK = YES;
				CLANG_WARN_BLOCK_CAPTURE_AUTORELEASING = YES;
				CLANG_WARN_BOOL_CONVERSION = YES;
				CLANG_WARN_COMMA = YES;
				CLANG_WARN_CONSTANT_CONVERSION = YES;
				CLANG_WARN_DEPRECATED_OBJC_IMPLEMENTATIONS = YES;
				CLANG_WARN_DIRECT_OBJC_ISA_USAGE = YES_ERROR;
				CLANG_WARN_DOCUMENTATION_COMMENTS = YES;
				CLANG_WARN_EMPTY_BODY = YES;
				CLANG_WARN_ENUM_CONVERSION = YES;
				CLANG_WARN_INFINITE_RECURSION = YES;
				CLANG_WARN_INT_CONVERSION = YES;
				CLANG_WARN_NON_LITERAL_NULL_CONVERSION = YES;
				CLANG_WARN_OBJC_IMPLICIT_RETAIN_SELF = YES;
				CLANG_WARN_OBJC_LITERAL_CONVERSION = YES;
				CLANG_WARN_OBJC_ROOT_CLASS = YES_ERROR;
				CLANG_WARN_QUOTED_INCLUDE_IN_FRAMEWORK_HEADER = YES;
				CLANG_WARN_RANGE_LOOP_ANALYSIS = YES;
				CLANG_WARN_STRICT_PROTOTYPES = YES;
				CLANG_WARN_SUSPICIOUS_MOVE = YES;
				CLANG_WARN_UNGUARDED_AVAILABILITY = YES_AGGRESSIVE;
				CLANG_WARN_UNREACHABLE_CODE = YES;
				CLANG_WARN__DUPLICATE_METHOD_MATCH = YES;
				COPY_PHASE_STRIP = NO;
				DEBUG_INFORMATION_FORMAT = dwarf;
				ENABLE_STRICT_OBJC_MSGSEND = YES;
				ENABLE_TESTABILITY = YES;
				GCC_C_LANGUAGE_STANDARD = gnu11;
				GCC_DYNAMIC_NO_PIC = NO;
				GCC_NO_COMMON_BLOCKS = YES;
				GCC_OPTIMIZATION_LEVEL = 0;
				GCC_PREPROCESSOR_DEFINITIONS = (
					"DEBUG=1",
					"$(inherited)",
				);
				GCC_WARN_64_TO_32_BIT_CONVERSION = YES;
				GCC_WARN_ABOUT_RETURN_TYPE = YES_ERROR;
				GCC_WARN_UNDECLARED_SELECTOR = YES;
				GCC_WARN_UNINITIALIZED_AUTOS = YES_AGGRESSIVE;
				GCC_WARN_UNUSED_FUNCTION = YES;
				GCC_WARN_UNUSED_VARIABLE = YES;
				IPHONEOS_DEPLOYMENT_TARGET = 15.5;
				MTL_ENABLE_DEBUG_INFO = INCLUDE_SOURCE;
				MTL_FAST_MATH = YES;
				ONLY_ACTIVE_ARCH = YES;
				SDKROOT = iphoneos;
				SWIFT_ACTIVE_COMPILATION_CONDITIONS = DEBUG;
				SWIFT_OPTIMIZATION_LEVEL = "-Onone";
			};
			name = Debug;
		};
		CDC875432952A6800002C5A3 /* Release */ = {
			isa = XCBuildConfiguration;
			buildSettings = {
				ALWAYS_SEARCH_USER_PATHS = NO;
				CLANG_ANALYZER_NONNULL = YES;
				CLANG_ANALYZER_NUMBER_OBJECT_CONVERSION = YES_AGGRESSIVE;
				CLANG_CXX_LANGUAGE_STANDARD = "gnu++17";
				CLANG_ENABLE_MODULES = YES;
				CLANG_ENABLE_OBJC_ARC = YES;
				CLANG_ENABLE_OBJC_WEAK = YES;
				CLANG_WARN_BLOCK_CAPTURE_AUTORELEASING = YES;
				CLANG_WARN_BOOL_CONVERSION = YES;
				CLANG_WARN_COMMA = YES;
				CLANG_WARN_CONSTANT_CONVERSION = YES;
				CLANG_WARN_DEPRECATED_OBJC_IMPLEMENTATIONS = YES;
				CLANG_WARN_DIRECT_OBJC_ISA_USAGE = YES_ERROR;
				CLANG_WARN_DOCUMENTATION_COMMENTS = YES;
				CLANG_WARN_EMPTY_BODY = YES;
				CLANG_WARN_ENUM_CONVERSION = YES;
				CLANG_WARN_INFINITE_RECURSION = YES;
				CLANG_WARN_INT_CONVERSION = YES;
				CLANG_WARN_NON_LITERAL_NULL_CONVERSION = YES;
				CLANG_WARN_OBJC_IMPLICIT_RETAIN_SELF = YES;
				CLANG_WARN_OBJC_LITERAL_CONVERSION = YES;
				CLANG_WARN_OBJC_ROOT_CLASS = YES_ERROR;
				CLANG_WARN_QUOTED_INCLUDE_IN_FRAMEWORK_HEADER = YES;
				CLANG_WARN_RANGE_LOOP_ANALYSIS = YES;
				CLANG_WARN_STRICT_PROTOTYPES = YES;
				CLANG_WARN_SUSPICIOUS_MOVE = YES;
				CLANG_WARN_UNGUARDED_AVAILABILITY = YES_AGGRESSIVE;
				CLANG_WARN_UNREACHABLE_CODE = YES;
				CLANG_WARN__DUPLICATE_METHOD_MATCH = YES;
				COPY_PHASE_STRIP = NO;
				DEBUG_INFORMATION_FORMAT = "dwarf-with-dsym";
				ENABLE_NS_ASSERTIONS = NO;
				ENABLE_STRICT_OBJC_MSGSEND = YES;
				GCC_C_LANGUAGE_STANDARD = gnu11;
				GCC_NO_COMMON_BLOCKS = YES;
				GCC_WARN_64_TO_32_BIT_CONVERSION = YES;
				GCC_WARN_ABOUT_RETURN_TYPE = YES_ERROR;
				GCC_WARN_UNDECLARED_SELECTOR = YES;
				GCC_WARN_UNINITIALIZED_AUTOS = YES_AGGRESSIVE;
				GCC_WARN_UNUSED_FUNCTION = YES;
				GCC_WARN_UNUSED_VARIABLE = YES;
				IPHONEOS_DEPLOYMENT_TARGET = 15.5;
				MTL_ENABLE_DEBUG_INFO = NO;
				MTL_FAST_MATH = YES;
				SDKROOT = iphoneos;
				SWIFT_COMPILATION_MODE = wholemodule;
				SWIFT_OPTIMIZATION_LEVEL = "-O";
				VALIDATE_PRODUCT = YES;
			};
			name = Release;
		};
		CDC875452952A6800002C5A3 /* Debug */ = {
			isa = XCBuildConfiguration;
			buildSettings = {
				ASSETCATALOG_COMPILER_APPICON_NAME = AppIcon;
				ASSETCATALOG_COMPILER_GLOBAL_ACCENT_COLOR_NAME = AccentColor;
				CODE_SIGN_STYLE = Automatic;
				CURRENT_PROJECT_VERSION = 1;
				DEVELOPMENT_TEAM = NPQ6B3HGC2;
				GENERATE_INFOPLIST_FILE = YES;
				INFOPLIST_FILE = IndustrialManagementApps/Info.plist;
				INFOPLIST_KEY_UIApplicationSupportsIndirectInputEvents = YES;
				INFOPLIST_KEY_UILaunchStoryboardName = LaunchScreen;
				INFOPLIST_KEY_UIMainStoryboardFile = Main;
				INFOPLIST_KEY_UISupportedInterfaceOrientations_iPad = "UIInterfaceOrientationPortrait UIInterfaceOrientationPortraitUpsideDown UIInterfaceOrientationLandscapeLeft UIInterfaceOrientationLandscapeRight";
				INFOPLIST_KEY_UISupportedInterfaceOrientations_iPhone = "UIInterfaceOrientationPortrait UIInterfaceOrientationLandscapeLeft UIInterfaceOrientationLandscapeRight";
				LD_RUNPATH_SEARCH_PATHS = (
					"$(inherited)",
					"@executable_path/Frameworks",
				);
				MARKETING_VERSION = 1.0;
				PRODUCT_BUNDLE_IDENTIFIER = com.prizegafg.IndustrialManagementApps;
				PRODUCT_NAME = "$(TARGET_NAME)";
				SWIFT_EMIT_LOC_STRINGS = YES;
				SWIFT_VERSION = 5.0;
				TARGETED_DEVICE_FAMILY = "1,2";
			};
			name = Debug;
		};
		CDC875462952A6800002C5A3 /* Release */ = {
			isa = XCBuildConfiguration;
			buildSettings = {
				ASSETCATALOG_COMPILER_APPICON_NAME = AppIcon;
				ASSETCATALOG_COMPILER_GLOBAL_ACCENT_COLOR_NAME = AccentColor;
				CODE_SIGN_STYLE = Automatic;
				CURRENT_PROJECT_VERSION = 1;
				DEVELOPMENT_TEAM = NPQ6B3HGC2;
				GENERATE_INFOPLIST_FILE = YES;
				INFOPLIST_FILE = IndustrialManagementApps/Info.plist;
				INFOPLIST_KEY_UIApplicationSupportsIndirectInputEvents = YES;
				INFOPLIST_KEY_UILaunchStoryboardName = LaunchScreen;
				INFOPLIST_KEY_UIMainStoryboardFile = Main;
				INFOPLIST_KEY_UISupportedInterfaceOrientations_iPad = "UIInterfaceOrientationPortrait UIInterfaceOrientationPortraitUpsideDown UIInterfaceOrientationLandscapeLeft UIInterfaceOrientationLandscapeRight";
				INFOPLIST_KEY_UISupportedInterfaceOrientations_iPhone = "UIInterfaceOrientationPortrait UIInterfaceOrientationLandscapeLeft UIInterfaceOrientationLandscapeRight";
				LD_RUNPATH_SEARCH_PATHS = (
					"$(inherited)",
					"@executable_path/Frameworks",
				);
				MARKETING_VERSION = 1.0;
				PRODUCT_BUNDLE_IDENTIFIER = com.prizegafg.IndustrialManagementApps;
				PRODUCT_NAME = "$(TARGET_NAME)";
				SWIFT_EMIT_LOC_STRINGS = YES;
				SWIFT_VERSION = 5.0;
				TARGETED_DEVICE_FAMILY = "1,2";
			};
			name = Release;
		};
/* End XCBuildConfiguration section */

/* Begin XCConfigurationList section */
		CDC8752B2952A67E0002C5A3 /* Build configuration list for PBXProject "IndustrialManagementApps" */ = {
			isa = XCConfigurationList;
			buildConfigurations = (
				CDC875422952A6800002C5A3 /* Debug */,
				CDC875432952A6800002C5A3 /* Release */,
			);
			defaultConfigurationIsVisible = 0;
			defaultConfigurationName = Release;
		};
		CDC875442952A6800002C5A3 /* Build configuration list for PBXNativeTarget "IndustrialManagementApps" */ = {
			isa = XCConfigurationList;
			buildConfigurations = (
				CDC875452952A6800002C5A3 /* Debug */,
				CDC875462952A6800002C5A3 /* Release */,
			);
			defaultConfigurationIsVisible = 0;
			defaultConfigurationName = Release;
		};
/* End XCConfigurationList section */
	};
	rootObject = CDC875282952A67E0002C5A3 /* Project object */;
}
